
Microsoft Visual Studio Solution File, Format Version 12.00
# Visual Studio Version 16
VisualStudioVersion = 16.0.31424.327
MinimumVisualStudioVersion = 10.0.40219.1
Project("{9A19103F-16F7-4668-BE54-9A1E7A4F7556}") = "VesselsApi", "VesselsApi\VesselsApi.csproj", "{5342CB51-996E-4099-B639-3F1F1FAA65C5}"
EndProject
Project("{9A19103F-16F7-4668-BE54-9A1E7A4F7556}") = "ReaderApi", "ReaderAPI\ReaderApi.csproj", "{9850DF61-9E53-440C-B3EC-84511A1B17F3}"
EndProject
Project("{9A19103F-16F7-4668-BE54-9A1E7A4F7556}") = "Refresher", "Refresher\Refresher.csproj", "{EA9C7BCF-048F-4860-B8B1-BC76CD36B998}"
EndProject
Project("{2150E333-8FDC-42A3-9474-1A3956D46DE8}") = "Solution Items", "Solution Items", "{766048AF-F403-48C7-8075-4BA55C7912CA}"
	ProjectSection(SolutionItems) = preProject
		README.md = README.md
	EndProjectSection
EndProject
Project("{FAE04EC0-301F-11D3-BF4B-00C04F79EFBC}") = "VesselsApiTest", "VesselsApiTest\VesselsApiTest.csproj", "{4A84DF3F-FD5F-4BB7-A3DD-90C314EBD635}"
EndProject
Global
	GlobalSection(SolutionConfigurationPlatforms) = preSolution
		Debug|Any CPU = Debug|Any CPU
		Release|Any CPU = Release|Any CPU
	EndGlobalSection
	GlobalSection(ProjectConfigurationPlatforms) = postSolution
		{5342CB51-996E-4099-B639-3F1F1FAA65C5}.Debug|Any CPU.ActiveCfg = Debug|Any CPU
		{5342CB51-996E-4099-B639-3F1F1FAA65C5}.Debug|Any CPU.Build.0 = Debug|Any CPU
		{5342CB51-996E-4099-B639-3F1F1FAA65C5}.Release|Any CPU.ActiveCfg = Release|Any CPU
		{5342CB51-996E-4099-B639-3F1F1FAA65C5}.Release|Any CPU.Build.0 = Release|Any CPU
		{9850DF61-9E53-440C-B3EC-84511A1B17F3}.Debug|Any CPU.ActiveCfg = Debug|Any CPU
		{9850DF61-9E53-440C-B3EC-84511A1B17F3}.Debug|Any CPU.Build.0 = Debug|Any CPU
		{9850DF61-9E53-440C-B3EC-84511A1B17F3}.Release|Any CPU.ActiveCfg = Release|Any CPU
		{9850DF61-9E53-440C-B3EC-84511A1B17F3}.Release|Any CPU.Build.0 = Release|Any CPU
		{EA9C7BCF-048F-4860-B8B1-BC76CD36B998}.Debug|Any CPU.ActiveCfg = Debug|Any CPU
		{EA9C7BCF-048F-4860-B8B1-BC76CD36B998}.Debug|Any CPU.Build.0 = Debug|Any CPU
		{EA9C7BCF-048F-4860-B8B1-BC76CD36B998}.Release|Any CPU.ActiveCfg = Release|Any CPU
		{EA9C7BCF-048F-4860-B8B1-BC76CD36B998}.Release|Any CPU.Build.0 = Release|Any CPU
		{4A84DF3F-FD5F-4BB7-A3DD-90C314EBD635}.Debug|Any CPU.ActiveCfg = Debug|Any CPU
		{4A84DF3F-FD5F-4BB7-A3DD-90C314EBD635}.Debug|Any CPU.Build.0 = Debug|Any CPU
		{4A84DF3F-FD5F-4BB7-A3DD-90C314EBD635}.Release|Any CPU.ActiveCfg = Release|Any CPU
		{4A84DF3F-FD5F-4BB7-A3DD-90C314EBD635}.Release|Any CPU.Build.0 = Release|Any CPU
	EndGlobalSection
	GlobalSection(SolutionProperties) = preSolution
		HideSolutionNode = FALSE
	EndGlobalSection
	GlobalSection(ExtensibilityGlobals) = postSolution
		SolutionGuid = {25546C69-DD4C-4F87-9C68-207C77847748}
	EndGlobalSection
EndGlobal
